
Microsoft Visual Studio Solution File, Format Version 12.00
# Visual Studio 15
VisualStudioVersion = 15.0.26430.14
MinimumVisualStudioVersion = 10.0.40219.1
Project("{FAE04EC0-301F-11D3-BF4B-00C04F79EFBC}") = "beer.umajkla.web", "umajkla.beer_web\beer.umajkla.web.csproj", "{1DD49E7A-6DF7-4027-867F-507BA8615FA7}"
EndProject
Project("{FAE04EC0-301F-11D3-BF4B-00C04F79EFBC}") = "beer.umajkla.win", "umajkla.beer_win\beer.umajkla.win.csproj", "{A4112866-6A79-4E9A-B030-ED8DDC11700C}"
EndProject
Project("{FAE04EC0-301F-11D3-BF4B-00C04F79EFBC}") = "beer.umajkla.client", "beer.umajkla.client\beer.umajkla.client\beer.umajkla.client.csproj", "{88DBC9CD-0EC5-46C9-8BB4-88FB617246D3}"
EndProject
Project("{FAE04EC0-301F-11D3-BF4B-00C04F79EFBC}") = "beer.umajkla.client.Android", "beer.umajkla.client\beer.umajkla.client.Android\beer.umajkla.client.Android.csproj", "{A8BA6286-631C-4C1D-BC02-C08BB7A26516}"
EndProject
Project("{FAE04EC0-301F-11D3-BF4B-00C04F79EFBC}") = "beer.umajkla.client.iOS", "beer.umajkla.client\beer.umajkla.client.iOS\beer.umajkla.client.iOS.csproj", "{594AB2B3-0A38-4C73-B964-23A9A4D2E9E3}"
EndProject
Project("{FAE04EC0-301F-11D3-BF4B-00C04F79EFBC}") = "beer.umajkla.client.UWP", "beer.umajkla.client\beer.umajkla.client.UWP\beer.umajkla.client.UWP.csproj", "{5A3ACA03-BFF5-4B40-BF9B-050B978E7104}"
EndProject
Global
	GlobalSection(SolutionConfigurationPlatforms) = preSolution
		Ad-Hoc|Any CPU = Ad-Hoc|Any CPU
		Ad-Hoc|ARM = Ad-Hoc|ARM
		Ad-Hoc|iPhone = Ad-Hoc|iPhone
		Ad-Hoc|iPhoneSimulator = Ad-Hoc|iPhoneSimulator
		Ad-Hoc|x64 = Ad-Hoc|x64
		Ad-Hoc|x86 = Ad-Hoc|x86
		AppStore|Any CPU = AppStore|Any CPU
		AppStore|ARM = AppStore|ARM
		AppStore|iPhone = AppStore|iPhone
		AppStore|iPhoneSimulator = AppStore|iPhoneSimulator
		AppStore|x64 = AppStore|x64
		AppStore|x86 = AppStore|x86
		Debug Admin|Any CPU = Debug Admin|Any CPU
		Debug Admin|ARM = Debug Admin|ARM
		Debug Admin|iPhone = Debug Admin|iPhone
		Debug Admin|iPhoneSimulator = Debug Admin|iPhoneSimulator
		Debug Admin|x64 = Debug Admin|x64
		Debug Admin|x86 = Debug Admin|x86
		Debug Display|Any CPU = Debug Display|Any CPU
		Debug Display|ARM = Debug Display|ARM
		Debug Display|iPhone = Debug Display|iPhone
		Debug Display|iPhoneSimulator = Debug Display|iPhoneSimulator
		Debug Display|x64 = Debug Display|x64
		Debug Display|x86 = Debug Display|x86
		Debug User|Any CPU = Debug User|Any CPU
		Debug User|ARM = Debug User|ARM
		Debug User|iPhone = Debug User|iPhone
		Debug User|iPhoneSimulator = Debug User|iPhoneSimulator
		Debug User|x64 = Debug User|x64
		Debug User|x86 = Debug User|x86
		Debug|Any CPU = Debug|Any CPU
		Debug|ARM = Debug|ARM
		Debug|iPhone = Debug|iPhone
		Debug|iPhoneSimulator = Debug|iPhoneSimulator
		Debug|x64 = Debug|x64
		Debug|x86 = Debug|x86
		Release|Any CPU = Release|Any CPU
		Release|ARM = Release|ARM
		Release|iPhone = Release|iPhone
		Release|iPhoneSimulator = Release|iPhoneSimulator
		Release|x64 = Release|x64
		Release|x86 = Release|x86
	EndGlobalSection
	GlobalSection(ProjectConfigurationPlatforms) = postSolution
		{1DD49E7A-6DF7-4027-867F-507BA8615FA7}.Ad-Hoc|Any CPU.ActiveCfg = Release|Any CPU
		{1DD49E7A-6DF7-4027-867F-507BA8615FA7}.Ad-Hoc|Any CPU.Build.0 = Release|Any CPU
		{1DD49E7A-6DF7-4027-867F-507BA8615FA7}.Ad-Hoc|ARM.ActiveCfg = Debug|Any CPU
		{1DD49E7A-6DF7-4027-867F-507BA8615FA7}.Ad-Hoc|ARM.Build.0 = Debug|Any CPU
		{1DD49E7A-6DF7-4027-867F-507BA8615FA7}.Ad-Hoc|iPhone.ActiveCfg = Release|Any CPU
		{1DD49E7A-6DF7-4027-867F-507BA8615FA7}.Ad-Hoc|iPhone.Build.0 = Release|Any CPU
		{1DD49E7A-6DF7-4027-867F-507BA8615FA7}.Ad-Hoc|iPhoneSimulator.ActiveCfg = Release|Any CPU
		{1DD49E7A-6DF7-4027-867F-507BA8615FA7}.Ad-Hoc|iPhoneSimulator.Build.0 = Release|Any CPU
		{1DD49E7A-6DF7-4027-867F-507BA8615FA7}.Ad-Hoc|x64.ActiveCfg = Debug|Any CPU
		{1DD49E7A-6DF7-4027-867F-507BA8615FA7}.Ad-Hoc|x64.Build.0 = Debug|Any CPU
		{1DD49E7A-6DF7-4027-867F-507BA8615FA7}.Ad-Hoc|x86.ActiveCfg = Debug|Any CPU
		{1DD49E7A-6DF7-4027-867F-507BA8615FA7}.Ad-Hoc|x86.Build.0 = Debug|Any CPU
		{1DD49E7A-6DF7-4027-867F-507BA8615FA7}.AppStore|Any CPU.ActiveCfg = Release|Any CPU
		{1DD49E7A-6DF7-4027-867F-507BA8615FA7}.AppStore|Any CPU.Build.0 = Release|Any CPU
		{1DD49E7A-6DF7-4027-867F-507BA8615FA7}.AppStore|ARM.ActiveCfg = Debug|Any CPU
		{1DD49E7A-6DF7-4027-867F-507BA8615FA7}.AppStore|ARM.Build.0 = Debug|Any CPU
		{1DD49E7A-6DF7-4027-867F-507BA8615FA7}.AppStore|iPhone.ActiveCfg = Release|Any CPU
		{1DD49E7A-6DF7-4027-867F-507BA8615FA7}.AppStore|iPhone.Build.0 = Release|Any CPU
		{1DD49E7A-6DF7-4027-867F-507BA8615FA7}.AppStore|iPhoneSimulator.ActiveCfg = Release|Any CPU
		{1DD49E7A-6DF7-4027-867F-507BA8615FA7}.AppStore|iPhoneSimulator.Build.0 = Release|Any CPU
		{1DD49E7A-6DF7-4027-867F-507BA8615FA7}.AppStore|x64.ActiveCfg = Debug|Any CPU
		{1DD49E7A-6DF7-4027-867F-507BA8615FA7}.AppStore|x64.Build.0 = Debug|Any CPU
		{1DD49E7A-6DF7-4027-867F-507BA8615FA7}.AppStore|x86.ActiveCfg = Debug|Any CPU
		{1DD49E7A-6DF7-4027-867F-507BA8615FA7}.AppStore|x86.Build.0 = Debug|Any CPU
		{1DD49E7A-6DF7-4027-867F-507BA8615FA7}.Debug Admin|Any CPU.ActiveCfg = Debug Admin|Any CPU
		{1DD49E7A-6DF7-4027-867F-507BA8615FA7}.Debug Admin|Any CPU.Build.0 = Debug Admin|Any CPU
		{1DD49E7A-6DF7-4027-867F-507BA8615FA7}.Debug Admin|ARM.ActiveCfg = Debug Admin|Any CPU
		{1DD49E7A-6DF7-4027-867F-507BA8615FA7}.Debug Admin|ARM.Build.0 = Debug Admin|Any CPU
		{1DD49E7A-6DF7-4027-867F-507BA8615FA7}.Debug Admin|iPhone.ActiveCfg = Debug Admin|Any CPU
		{1DD49E7A-6DF7-4027-867F-507BA8615FA7}.Debug Admin|iPhone.Build.0 = Debug Admin|Any CPU
		{1DD49E7A-6DF7-4027-867F-507BA8615FA7}.Debug Admin|iPhoneSimulator.ActiveCfg = Debug Admin|Any CPU
		{1DD49E7A-6DF7-4027-867F-507BA8615FA7}.Debug Admin|iPhoneSimulator.Build.0 = Debug Admin|Any CPU
		{1DD49E7A-6DF7-4027-867F-507BA8615FA7}.Debug Admin|x64.ActiveCfg = Debug Admin|Any CPU
		{1DD49E7A-6DF7-4027-867F-507BA8615FA7}.Debug Admin|x64.Build.0 = Debug Admin|Any CPU
		{1DD49E7A-6DF7-4027-867F-507BA8615FA7}.Debug Admin|x86.ActiveCfg = Debug Admin|Any CPU
		{1DD49E7A-6DF7-4027-867F-507BA8615FA7}.Debug Admin|x86.Build.0 = Debug Admin|Any CPU
		{1DD49E7A-6DF7-4027-867F-507BA8615FA7}.Debug Display|Any CPU.ActiveCfg = Debug|Any CPU
		{1DD49E7A-6DF7-4027-867F-507BA8615FA7}.Debug Display|Any CPU.Build.0 = Debug|Any CPU
		{1DD49E7A-6DF7-4027-867F-507BA8615FA7}.Debug Display|ARM.ActiveCfg = Debug|Any CPU
		{1DD49E7A-6DF7-4027-867F-507BA8615FA7}.Debug Display|ARM.Build.0 = Debug|Any CPU
		{1DD49E7A-6DF7-4027-867F-507BA8615FA7}.Debug Display|iPhone.ActiveCfg = Debug|Any CPU
		{1DD49E7A-6DF7-4027-867F-507BA8615FA7}.Debug Display|iPhone.Build.0 = Debug|Any CPU
		{1DD49E7A-6DF7-4027-867F-507BA8615FA7}.Debug Display|iPhoneSimulator.ActiveCfg = Debug|Any CPU
		{1DD49E7A-6DF7-4027-867F-507BA8615FA7}.Debug Display|iPhoneSimulator.Build.0 = Debug|Any CPU
		{1DD49E7A-6DF7-4027-867F-507BA8615FA7}.Debug Display|x64.ActiveCfg = Debug|Any CPU
		{1DD49E7A-6DF7-4027-867F-507BA8615FA7}.Debug Display|x64.Build.0 = Debug|Any CPU
		{1DD49E7A-6DF7-4027-867F-507BA8615FA7}.Debug Display|x86.ActiveCfg = Debug|Any CPU
		{1DD49E7A-6DF7-4027-867F-507BA8615FA7}.Debug Display|x86.Build.0 = Debug|Any CPU
		{1DD49E7A-6DF7-4027-867F-507BA8615FA7}.Debug User|Any CPU.ActiveCfg = Debug User|Any CPU
		{1DD49E7A-6DF7-4027-867F-507BA8615FA7}.Debug User|Any CPU.Build.0 = Debug User|Any CPU
		{1DD49E7A-6DF7-4027-867F-507BA8615FA7}.Debug User|ARM.ActiveCfg = Debug User|Any CPU
		{1DD49E7A-6DF7-4027-867F-507BA8615FA7}.Debug User|ARM.Build.0 = Debug User|Any CPU
		{1DD49E7A-6DF7-4027-867F-507BA8615FA7}.Debug User|iPhone.ActiveCfg = Debug User|Any CPU
		{1DD49E7A-6DF7-4027-867F-507BA8615FA7}.Debug User|iPhone.Build.0 = Debug User|Any CPU
		{1DD49E7A-6DF7-4027-867F-507BA8615FA7}.Debug User|iPhoneSimulator.ActiveCfg = Debug User|Any CPU
		{1DD49E7A-6DF7-4027-867F-507BA8615FA7}.Debug User|iPhoneSimulator.Build.0 = Debug User|Any CPU
		{1DD49E7A-6DF7-4027-867F-507BA8615FA7}.Debug User|x64.ActiveCfg = Debug User|Any CPU
		{1DD49E7A-6DF7-4027-867F-507BA8615FA7}.Debug User|x64.Build.0 = Debug User|Any CPU
		{1DD49E7A-6DF7-4027-867F-507BA8615FA7}.Debug User|x86.ActiveCfg = Debug User|Any CPU
		{1DD49E7A-6DF7-4027-867F-507BA8615FA7}.Debug User|x86.Build.0 = Debug User|Any CPU
		{1DD49E7A-6DF7-4027-867F-507BA8615FA7}.Debug|Any CPU.ActiveCfg = Debug|Any CPU
		{1DD49E7A-6DF7-4027-867F-507BA8615FA7}.Debug|Any CPU.Build.0 = Debug|Any CPU
		{1DD49E7A-6DF7-4027-867F-507BA8615FA7}.Debug|ARM.ActiveCfg = Debug|Any CPU
		{1DD49E7A-6DF7-4027-867F-507BA8615FA7}.Debug|ARM.Build.0 = Debug|Any CPU
		{1DD49E7A-6DF7-4027-867F-507BA8615FA7}.Debug|iPhone.ActiveCfg = Debug|Any CPU
		{1DD49E7A-6DF7-4027-867F-507BA8615FA7}.Debug|iPhone.Build.0 = Debug|Any CPU
		{1DD49E7A-6DF7-4027-867F-507BA8615FA7}.Debug|iPhoneSimulator.ActiveCfg = Debug|Any CPU
		{1DD49E7A-6DF7-4027-867F-507BA8615FA7}.Debug|iPhoneSimulator.Build.0 = Debug|Any CPU
		{1DD49E7A-6DF7-4027-867F-507BA8615FA7}.Debug|x64.ActiveCfg = Debug|Any CPU
		{1DD49E7A-6DF7-4027-867F-507BA8615FA7}.Debug|x64.Build.0 = Debug|Any CPU
		{1DD49E7A-6DF7-4027-867F-507BA8615FA7}.Debug|x86.ActiveCfg = Debug|Any CPU
		{1DD49E7A-6DF7-4027-867F-507BA8615FA7}.Debug|x86.Build.0 = Debug|Any CPU
		{1DD49E7A-6DF7-4027-867F-507BA8615FA7}.Release|Any CPU.ActiveCfg = Release|Any CPU
		{1DD49E7A-6DF7-4027-867F-507BA8615FA7}.Release|Any CPU.Build.0 = Release|Any CPU
		{1DD49E7A-6DF7-4027-867F-507BA8615FA7}.Release|ARM.ActiveCfg = Release|Any CPU
		{1DD49E7A-6DF7-4027-867F-507BA8615FA7}.Release|ARM.Build.0 = Release|Any CPU
		{1DD49E7A-6DF7-4027-867F-507BA8615FA7}.Release|iPhone.ActiveCfg = Release|Any CPU
		{1DD49E7A-6DF7-4027-867F-507BA8615FA7}.Release|iPhone.Build.0 = Release|Any CPU
		{1DD49E7A-6DF7-4027-867F-507BA8615FA7}.Release|iPhoneSimulator.ActiveCfg = Release|Any CPU
		{1DD49E7A-6DF7-4027-867F-507BA8615FA7}.Release|iPhoneSimulator.Build.0 = Release|Any CPU
		{1DD49E7A-6DF7-4027-867F-507BA8615FA7}.Release|x64.ActiveCfg = Release|Any CPU
		{1DD49E7A-6DF7-4027-867F-507BA8615FA7}.Release|x64.Build.0 = Release|Any CPU
		{1DD49E7A-6DF7-4027-867F-507BA8615FA7}.Release|x86.ActiveCfg = Release|Any CPU
		{1DD49E7A-6DF7-4027-867F-507BA8615FA7}.Release|x86.Build.0 = Release|Any CPU
		{A4112866-6A79-4E9A-B030-ED8DDC11700C}.Ad-Hoc|Any CPU.ActiveCfg = Release|Any CPU
		{A4112866-6A79-4E9A-B030-ED8DDC11700C}.Ad-Hoc|Any CPU.Build.0 = Release|Any CPU
		{A4112866-6A79-4E9A-B030-ED8DDC11700C}.Ad-Hoc|ARM.ActiveCfg = Release|Any CPU
		{A4112866-6A79-4E9A-B030-ED8DDC11700C}.Ad-Hoc|ARM.Build.0 = Release|Any CPU
		{A4112866-6A79-4E9A-B030-ED8DDC11700C}.Ad-Hoc|iPhone.ActiveCfg = Release|Any CPU
		{A4112866-6A79-4E9A-B030-ED8DDC11700C}.Ad-Hoc|iPhone.Build.0 = Release|Any CPU
		{A4112866-6A79-4E9A-B030-ED8DDC11700C}.Ad-Hoc|iPhoneSimulator.ActiveCfg = Release|Any CPU
		{A4112866-6A79-4E9A-B030-ED8DDC11700C}.Ad-Hoc|iPhoneSimulator.Build.0 = Release|Any CPU
		{A4112866-6A79-4E9A-B030-ED8DDC11700C}.Ad-Hoc|x64.ActiveCfg = Release|Any CPU
		{A4112866-6A79-4E9A-B030-ED8DDC11700C}.Ad-Hoc|x64.Build.0 = Release|Any CPU
		{A4112866-6A79-4E9A-B030-ED8DDC11700C}.Ad-Hoc|x86.ActiveCfg = Release|Any CPU
		{A4112866-6A79-4E9A-B030-ED8DDC11700C}.Ad-Hoc|x86.Build.0 = Release|Any CPU
		{A4112866-6A79-4E9A-B030-ED8DDC11700C}.AppStore|Any CPU.ActiveCfg = Release|Any CPU
		{A4112866-6A79-4E9A-B030-ED8DDC11700C}.AppStore|Any CPU.Build.0 = Release|Any CPU
		{A4112866-6A79-4E9A-B030-ED8DDC11700C}.AppStore|ARM.ActiveCfg = Release|Any CPU
		{A4112866-6A79-4E9A-B030-ED8DDC11700C}.AppStore|ARM.Build.0 = Release|Any CPU
		{A4112866-6A79-4E9A-B030-ED8DDC11700C}.AppStore|iPhone.ActiveCfg = Release|Any CPU
		{A4112866-6A79-4E9A-B030-ED8DDC11700C}.AppStore|iPhone.Build.0 = Release|Any CPU
		{A4112866-6A79-4E9A-B030-ED8DDC11700C}.AppStore|iPhoneSimulator.ActiveCfg = Release|Any CPU
		{A4112866-6A79-4E9A-B030-ED8DDC11700C}.AppStore|iPhoneSimulator.Build.0 = Release|Any CPU
		{A4112866-6A79-4E9A-B030-ED8DDC11700C}.AppStore|x64.ActiveCfg = Release|Any CPU
		{A4112866-6A79-4E9A-B030-ED8DDC11700C}.AppStore|x64.Build.0 = Release|Any CPU
		{A4112866-6A79-4E9A-B030-ED8DDC11700C}.AppStore|x86.ActiveCfg = Release|Any CPU
		{A4112866-6A79-4E9A-B030-ED8DDC11700C}.AppStore|x86.Build.0 = Release|Any CPU
		{A4112866-6A79-4E9A-B030-ED8DDC11700C}.Debug Admin|Any CPU.ActiveCfg = Debug Admin|Any CPU
		{A4112866-6A79-4E9A-B030-ED8DDC11700C}.Debug Admin|Any CPU.Build.0 = Debug Admin|Any CPU
		{A4112866-6A79-4E9A-B030-ED8DDC11700C}.Debug Admin|ARM.ActiveCfg = Debug Admin|Any CPU
		{A4112866-6A79-4E9A-B030-ED8DDC11700C}.Debug Admin|ARM.Build.0 = Debug Admin|Any CPU
		{A4112866-6A79-4E9A-B030-ED8DDC11700C}.Debug Admin|iPhone.ActiveCfg = Debug Admin|Any CPU
		{A4112866-6A79-4E9A-B030-ED8DDC11700C}.Debug Admin|iPhone.Build.0 = Debug Admin|Any CPU
		{A4112866-6A79-4E9A-B030-ED8DDC11700C}.Debug Admin|iPhoneSimulator.ActiveCfg = Debug Admin|Any CPU
		{A4112866-6A79-4E9A-B030-ED8DDC11700C}.Debug Admin|iPhoneSimulator.Build.0 = Debug Admin|Any CPU
		{A4112866-6A79-4E9A-B030-ED8DDC11700C}.Debug Admin|x64.ActiveCfg = Debug Admin|Any CPU
		{A4112866-6A79-4E9A-B030-ED8DDC11700C}.Debug Admin|x64.Build.0 = Debug Admin|Any CPU
		{A4112866-6A79-4E9A-B030-ED8DDC11700C}.Debug Admin|x86.ActiveCfg = Debug Admin|Any CPU
		{A4112866-6A79-4E9A-B030-ED8DDC11700C}.Debug Admin|x86.Build.0 = Debug Admin|Any CPU
		{A4112866-6A79-4E9A-B030-ED8DDC11700C}.Debug Display|Any CPU.ActiveCfg = Debug|Any CPU
		{A4112866-6A79-4E9A-B030-ED8DDC11700C}.Debug Display|Any CPU.Build.0 = Debug|Any CPU
		{A4112866-6A79-4E9A-B030-ED8DDC11700C}.Debug Display|ARM.ActiveCfg = Debug|Any CPU
		{A4112866-6A79-4E9A-B030-ED8DDC11700C}.Debug Display|ARM.Build.0 = Debug|Any CPU
		{A4112866-6A79-4E9A-B030-ED8DDC11700C}.Debug Display|iPhone.ActiveCfg = Debug|Any CPU
		{A4112866-6A79-4E9A-B030-ED8DDC11700C}.Debug Display|iPhone.Build.0 = Debug|Any CPU
		{A4112866-6A79-4E9A-B030-ED8DDC11700C}.Debug Display|iPhoneSimulator.ActiveCfg = Debug|Any CPU
		{A4112866-6A79-4E9A-B030-ED8DDC11700C}.Debug Display|iPhoneSimulator.Build.0 = Debug|Any CPU
		{A4112866-6A79-4E9A-B030-ED8DDC11700C}.Debug Display|x64.ActiveCfg = Debug|Any CPU
		{A4112866-6A79-4E9A-B030-ED8DDC11700C}.Debug Display|x64.Build.0 = Debug|Any CPU
		{A4112866-6A79-4E9A-B030-ED8DDC11700C}.Debug Display|x86.ActiveCfg = Debug|Any CPU
		{A4112866-6A79-4E9A-B030-ED8DDC11700C}.Debug Display|x86.Build.0 = Debug|Any CPU
		{A4112866-6A79-4E9A-B030-ED8DDC11700C}.Debug User|Any CPU.ActiveCfg = Debug User|Any CPU
		{A4112866-6A79-4E9A-B030-ED8DDC11700C}.Debug User|Any CPU.Build.0 = Debug User|Any CPU
		{A4112866-6A79-4E9A-B030-ED8DDC11700C}.Debug User|ARM.ActiveCfg = Debug User|Any CPU
		{A4112866-6A79-4E9A-B030-ED8DDC11700C}.Debug User|ARM.Build.0 = Debug User|Any CPU
		{A4112866-6A79-4E9A-B030-ED8DDC11700C}.Debug User|iPhone.ActiveCfg = Debug User|Any CPU
		{A4112866-6A79-4E9A-B030-ED8DDC11700C}.Debug User|iPhone.Build.0 = Debug User|Any CPU
		{A4112866-6A79-4E9A-B030-ED8DDC11700C}.Debug User|iPhoneSimulator.ActiveCfg = Debug User|Any CPU
		{A4112866-6A79-4E9A-B030-ED8DDC11700C}.Debug User|iPhoneSimulator.Build.0 = Debug User|Any CPU
		{A4112866-6A79-4E9A-B030-ED8DDC11700C}.Debug User|x64.ActiveCfg = Debug User|Any CPU
		{A4112866-6A79-4E9A-B030-ED8DDC11700C}.Debug User|x64.Build.0 = Debug User|Any CPU
		{A4112866-6A79-4E9A-B030-ED8DDC11700C}.Debug User|x86.ActiveCfg = Debug User|Any CPU
		{A4112866-6A79-4E9A-B030-ED8DDC11700C}.Debug User|x86.Build.0 = Debug User|Any CPU
		{A4112866-6A79-4E9A-B030-ED8DDC11700C}.Debug|Any CPU.ActiveCfg = Debug|Any CPU
		{A4112866-6A79-4E9A-B030-ED8DDC11700C}.Debug|Any CPU.Build.0 = Debug|Any CPU
		{A4112866-6A79-4E9A-B030-ED8DDC11700C}.Debug|ARM.ActiveCfg = Debug|Any CPU
		{A4112866-6A79-4E9A-B030-ED8DDC11700C}.Debug|ARM.Build.0 = Debug|Any CPU
		{A4112866-6A79-4E9A-B030-ED8DDC11700C}.Debug|iPhone.ActiveCfg = Debug|Any CPU
		{A4112866-6A79-4E9A-B030-ED8DDC11700C}.Debug|iPhone.Build.0 = Debug|Any CPU
		{A4112866-6A79-4E9A-B030-ED8DDC11700C}.Debug|iPhoneSimulator.ActiveCfg = Debug|Any CPU
		{A4112866-6A79-4E9A-B030-ED8DDC11700C}.Debug|iPhoneSimulator.Build.0 = Debug|Any CPU
		{A4112866-6A79-4E9A-B030-ED8DDC11700C}.Debug|x64.ActiveCfg = Debug|Any CPU
		{A4112866-6A79-4E9A-B030-ED8DDC11700C}.Debug|x64.Build.0 = Debug|Any CPU
		{A4112866-6A79-4E9A-B030-ED8DDC11700C}.Debug|x86.ActiveCfg = Debug|Any CPU
		{A4112866-6A79-4E9A-B030-ED8DDC11700C}.Debug|x86.Build.0 = Debug|Any CPU
		{A4112866-6A79-4E9A-B030-ED8DDC11700C}.Release|Any CPU.ActiveCfg = Release|Any CPU
		{A4112866-6A79-4E9A-B030-ED8DDC11700C}.Release|Any CPU.Build.0 = Release|Any CPU
		{A4112866-6A79-4E9A-B030-ED8DDC11700C}.Release|ARM.ActiveCfg = Release|Any CPU
		{A4112866-6A79-4E9A-B030-ED8DDC11700C}.Release|ARM.Build.0 = Release|Any CPU
		{A4112866-6A79-4E9A-B030-ED8DDC11700C}.Release|iPhone.ActiveCfg = Release|Any CPU
		{A4112866-6A79-4E9A-B030-ED8DDC11700C}.Release|iPhone.Build.0 = Release|Any CPU
		{A4112866-6A79-4E9A-B030-ED8DDC11700C}.Release|iPhoneSimulator.ActiveCfg = Release|Any CPU
		{A4112866-6A79-4E9A-B030-ED8DDC11700C}.Release|iPhoneSimulator.Build.0 = Release|Any CPU
		{A4112866-6A79-4E9A-B030-ED8DDC11700C}.Release|x64.ActiveCfg = Release|Any CPU
		{A4112866-6A79-4E9A-B030-ED8DDC11700C}.Release|x64.Build.0 = Release|Any CPU
		{A4112866-6A79-4E9A-B030-ED8DDC11700C}.Release|x86.ActiveCfg = Release|Any CPU
		{A4112866-6A79-4E9A-B030-ED8DDC11700C}.Release|x86.Build.0 = Release|Any CPU
		{88DBC9CD-0EC5-46C9-8BB4-88FB617246D3}.Ad-Hoc|Any CPU.ActiveCfg = Release|Any CPU
		{88DBC9CD-0EC5-46C9-8BB4-88FB617246D3}.Ad-Hoc|Any CPU.Build.0 = Release|Any CPU
		{88DBC9CD-0EC5-46C9-8BB4-88FB617246D3}.Ad-Hoc|ARM.ActiveCfg = Release|Any CPU
		{88DBC9CD-0EC5-46C9-8BB4-88FB617246D3}.Ad-Hoc|ARM.Build.0 = Release|Any CPU
		{88DBC9CD-0EC5-46C9-8BB4-88FB617246D3}.Ad-Hoc|iPhone.ActiveCfg = Release|Any CPU
		{88DBC9CD-0EC5-46C9-8BB4-88FB617246D3}.Ad-Hoc|iPhone.Build.0 = Release|Any CPU
		{88DBC9CD-0EC5-46C9-8BB4-88FB617246D3}.Ad-Hoc|iPhoneSimulator.ActiveCfg = Release|Any CPU
		{88DBC9CD-0EC5-46C9-8BB4-88FB617246D3}.Ad-Hoc|iPhoneSimulator.Build.0 = Release|Any CPU
		{88DBC9CD-0EC5-46C9-8BB4-88FB617246D3}.Ad-Hoc|x64.ActiveCfg = Release|Any CPU
		{88DBC9CD-0EC5-46C9-8BB4-88FB617246D3}.Ad-Hoc|x64.Build.0 = Release|Any CPU
		{88DBC9CD-0EC5-46C9-8BB4-88FB617246D3}.Ad-Hoc|x86.ActiveCfg = Release|Any CPU
		{88DBC9CD-0EC5-46C9-8BB4-88FB617246D3}.Ad-Hoc|x86.Build.0 = Release|Any CPU
		{88DBC9CD-0EC5-46C9-8BB4-88FB617246D3}.AppStore|Any CPU.ActiveCfg = Release|Any CPU
		{88DBC9CD-0EC5-46C9-8BB4-88FB617246D3}.AppStore|Any CPU.Build.0 = Release|Any CPU
		{88DBC9CD-0EC5-46C9-8BB4-88FB617246D3}.AppStore|ARM.ActiveCfg = Release|Any CPU
		{88DBC9CD-0EC5-46C9-8BB4-88FB617246D3}.AppStore|ARM.Build.0 = Release|Any CPU
		{88DBC9CD-0EC5-46C9-8BB4-88FB617246D3}.AppStore|iPhone.ActiveCfg = Release|Any CPU
		{88DBC9CD-0EC5-46C9-8BB4-88FB617246D3}.AppStore|iPhone.Build.0 = Release|Any CPU
		{88DBC9CD-0EC5-46C9-8BB4-88FB617246D3}.AppStore|iPhoneSimulator.ActiveCfg = Release|Any CPU
		{88DBC9CD-0EC5-46C9-8BB4-88FB617246D3}.AppStore|iPhoneSimulator.Build.0 = Release|Any CPU
		{88DBC9CD-0EC5-46C9-8BB4-88FB617246D3}.AppStore|x64.ActiveCfg = Release|Any CPU
		{88DBC9CD-0EC5-46C9-8BB4-88FB617246D3}.AppStore|x64.Build.0 = Release|Any CPU
		{88DBC9CD-0EC5-46C9-8BB4-88FB617246D3}.AppStore|x86.ActiveCfg = Release|Any CPU
		{88DBC9CD-0EC5-46C9-8BB4-88FB617246D3}.AppStore|x86.Build.0 = Release|Any CPU
		{88DBC9CD-0EC5-46C9-8BB4-88FB617246D3}.Debug Admin|Any CPU.ActiveCfg = Debug|Any CPU
		{88DBC9CD-0EC5-46C9-8BB4-88FB617246D3}.Debug Admin|Any CPU.Build.0 = Debug|Any CPU
		{88DBC9CD-0EC5-46C9-8BB4-88FB617246D3}.Debug Admin|ARM.ActiveCfg = Debug|Any CPU
		{88DBC9CD-0EC5-46C9-8BB4-88FB617246D3}.Debug Admin|ARM.Build.0 = Debug|Any CPU
		{88DBC9CD-0EC5-46C9-8BB4-88FB617246D3}.Debug Admin|iPhone.ActiveCfg = Debug|Any CPU
		{88DBC9CD-0EC5-46C9-8BB4-88FB617246D3}.Debug Admin|iPhone.Build.0 = Debug|Any CPU
		{88DBC9CD-0EC5-46C9-8BB4-88FB617246D3}.Debug Admin|iPhoneSimulator.ActiveCfg = Debug|Any CPU
		{88DBC9CD-0EC5-46C9-8BB4-88FB617246D3}.Debug Admin|iPhoneSimulator.Build.0 = Debug|Any CPU
		{88DBC9CD-0EC5-46C9-8BB4-88FB617246D3}.Debug Admin|x64.ActiveCfg = Debug|Any CPU
		{88DBC9CD-0EC5-46C9-8BB4-88FB617246D3}.Debug Admin|x64.Build.0 = Debug|Any CPU
		{88DBC9CD-0EC5-46C9-8BB4-88FB617246D3}.Debug Admin|x86.ActiveCfg = Debug|Any CPU
		{88DBC9CD-0EC5-46C9-8BB4-88FB617246D3}.Debug Admin|x86.Build.0 = Debug|Any CPU
		{88DBC9CD-0EC5-46C9-8BB4-88FB617246D3}.Debug Display|Any CPU.ActiveCfg = Debug|Any CPU
		{88DBC9CD-0EC5-46C9-8BB4-88FB617246D3}.Debug Display|Any CPU.Build.0 = Debug|Any CPU
		{88DBC9CD-0EC5-46C9-8BB4-88FB617246D3}.Debug Display|ARM.ActiveCfg = Debug|Any CPU
		{88DBC9CD-0EC5-46C9-8BB4-88FB617246D3}.Debug Display|ARM.Build.0 = Debug|Any CPU
		{88DBC9CD-0EC5-46C9-8BB4-88FB617246D3}.Debug Display|iPhone.ActiveCfg = Debug|Any CPU
		{88DBC9CD-0EC5-46C9-8BB4-88FB617246D3}.Debug Display|iPhone.Build.0 = Debug|Any CPU
		{88DBC9CD-0EC5-46C9-8BB4-88FB617246D3}.Debug Display|iPhoneSimulator.ActiveCfg = Debug|Any CPU
		{88DBC9CD-0EC5-46C9-8BB4-88FB617246D3}.Debug Display|iPhoneSimulator.Build.0 = Debug|Any CPU
		{88DBC9CD-0EC5-46C9-8BB4-88FB617246D3}.Debug Display|x64.ActiveCfg = Debug|Any CPU
		{88DBC9CD-0EC5-46C9-8BB4-88FB617246D3}.Debug Display|x64.Build.0 = Debug|Any CPU
		{88DBC9CD-0EC5-46C9-8BB4-88FB617246D3}.Debug Display|x86.ActiveCfg = Debug|Any CPU
		{88DBC9CD-0EC5-46C9-8BB4-88FB617246D3}.Debug Display|x86.Build.0 = Debug|Any CPU
		{88DBC9CD-0EC5-46C9-8BB4-88FB617246D3}.Debug User|Any CPU.ActiveCfg = Debug|Any CPU
		{88DBC9CD-0EC5-46C9-8BB4-88FB617246D3}.Debug User|Any CPU.Build.0 = Debug|Any CPU
		{88DBC9CD-0EC5-46C9-8BB4-88FB617246D3}.Debug User|ARM.ActiveCfg = Debug|Any CPU
		{88DBC9CD-0EC5-46C9-8BB4-88FB617246D3}.Debug User|ARM.Build.0 = Debug|Any CPU
		{88DBC9CD-0EC5-46C9-8BB4-88FB617246D3}.Debug User|iPhone.ActiveCfg = Debug|Any CPU
		{88DBC9CD-0EC5-46C9-8BB4-88FB617246D3}.Debug User|iPhone.Build.0 = Debug|Any CPU
		{88DBC9CD-0EC5-46C9-8BB4-88FB617246D3}.Debug User|iPhoneSimulator.ActiveCfg = Debug|Any CPU
		{88DBC9CD-0EC5-46C9-8BB4-88FB617246D3}.Debug User|iPhoneSimulator.Build.0 = Debug|Any CPU
		{88DBC9CD-0EC5-46C9-8BB4-88FB617246D3}.Debug User|x64.ActiveCfg = Debug|Any CPU
		{88DBC9CD-0EC5-46C9-8BB4-88FB617246D3}.Debug User|x64.Build.0 = Debug|Any CPU
		{88DBC9CD-0EC5-46C9-8BB4-88FB617246D3}.Debug User|x86.ActiveCfg = Debug|Any CPU
		{88DBC9CD-0EC5-46C9-8BB4-88FB617246D3}.Debug User|x86.Build.0 = Debug|Any CPU
		{88DBC9CD-0EC5-46C9-8BB4-88FB617246D3}.Debug|Any CPU.ActiveCfg = Debug|Any CPU
		{88DBC9CD-0EC5-46C9-8BB4-88FB617246D3}.Debug|Any CPU.Build.0 = Debug|Any CPU
		{88DBC9CD-0EC5-46C9-8BB4-88FB617246D3}.Debug|ARM.ActiveCfg = Debug|Any CPU
		{88DBC9CD-0EC5-46C9-8BB4-88FB617246D3}.Debug|ARM.Build.0 = Debug|Any CPU
		{88DBC9CD-0EC5-46C9-8BB4-88FB617246D3}.Debug|iPhone.ActiveCfg = Debug|Any CPU
		{88DBC9CD-0EC5-46C9-8BB4-88FB617246D3}.Debug|iPhone.Build.0 = Debug|Any CPU
		{88DBC9CD-0EC5-46C9-8BB4-88FB617246D3}.Debug|iPhoneSimulator.ActiveCfg = Debug|Any CPU
		{88DBC9CD-0EC5-46C9-8BB4-88FB617246D3}.Debug|iPhoneSimulator.Build.0 = Debug|Any CPU
		{88DBC9CD-0EC5-46C9-8BB4-88FB617246D3}.Debug|x64.ActiveCfg = Debug|Any CPU
		{88DBC9CD-0EC5-46C9-8BB4-88FB617246D3}.Debug|x64.Build.0 = Debug|Any CPU
		{88DBC9CD-0EC5-46C9-8BB4-88FB617246D3}.Debug|x86.ActiveCfg = Debug|Any CPU
		{88DBC9CD-0EC5-46C9-8BB4-88FB617246D3}.Debug|x86.Build.0 = Debug|Any CPU
		{88DBC9CD-0EC5-46C9-8BB4-88FB617246D3}.Release|Any CPU.ActiveCfg = Release|Any CPU
		{88DBC9CD-0EC5-46C9-8BB4-88FB617246D3}.Release|Any CPU.Build.0 = Release|Any CPU
		{88DBC9CD-0EC5-46C9-8BB4-88FB617246D3}.Release|ARM.ActiveCfg = Release|Any CPU
		{88DBC9CD-0EC5-46C9-8BB4-88FB617246D3}.Release|ARM.Build.0 = Release|Any CPU
		{88DBC9CD-0EC5-46C9-8BB4-88FB617246D3}.Release|iPhone.ActiveCfg = Release|Any CPU
		{88DBC9CD-0EC5-46C9-8BB4-88FB617246D3}.Release|iPhone.Build.0 = Release|Any CPU
		{88DBC9CD-0EC5-46C9-8BB4-88FB617246D3}.Release|iPhoneSimulator.ActiveCfg = Release|Any CPU
		{88DBC9CD-0EC5-46C9-8BB4-88FB617246D3}.Release|iPhoneSimulator.Build.0 = Release|Any CPU
		{88DBC9CD-0EC5-46C9-8BB4-88FB617246D3}.Release|x64.ActiveCfg = Release|Any CPU
		{88DBC9CD-0EC5-46C9-8BB4-88FB617246D3}.Release|x64.Build.0 = Release|Any CPU
		{88DBC9CD-0EC5-46C9-8BB4-88FB617246D3}.Release|x86.ActiveCfg = Release|Any CPU
		{88DBC9CD-0EC5-46C9-8BB4-88FB617246D3}.Release|x86.Build.0 = Release|Any CPU
		{A8BA6286-631C-4C1D-BC02-C08BB7A26516}.Ad-Hoc|Any CPU.ActiveCfg = Release|Any CPU
		{A8BA6286-631C-4C1D-BC02-C08BB7A26516}.Ad-Hoc|Any CPU.Build.0 = Release|Any CPU
		{A8BA6286-631C-4C1D-BC02-C08BB7A26516}.Ad-Hoc|Any CPU.Deploy.0 = Release|Any CPU
		{A8BA6286-631C-4C1D-BC02-C08BB7A26516}.Ad-Hoc|ARM.ActiveCfg = Release|Any CPU
		{A8BA6286-631C-4C1D-BC02-C08BB7A26516}.Ad-Hoc|ARM.Build.0 = Release|Any CPU
		{A8BA6286-631C-4C1D-BC02-C08BB7A26516}.Ad-Hoc|ARM.Deploy.0 = Release|Any CPU
		{A8BA6286-631C-4C1D-BC02-C08BB7A26516}.Ad-Hoc|iPhone.ActiveCfg = Release|Any CPU
		{A8BA6286-631C-4C1D-BC02-C08BB7A26516}.Ad-Hoc|iPhone.Build.0 = Release|Any CPU
		{A8BA6286-631C-4C1D-BC02-C08BB7A26516}.Ad-Hoc|iPhone.Deploy.0 = Release|Any CPU
		{A8BA6286-631C-4C1D-BC02-C08BB7A26516}.Ad-Hoc|iPhoneSimulator.ActiveCfg = Release|Any CPU
		{A8BA6286-631C-4C1D-BC02-C08BB7A26516}.Ad-Hoc|iPhoneSimulator.Build.0 = Release|Any CPU
		{A8BA6286-631C-4C1D-BC02-C08BB7A26516}.Ad-Hoc|iPhoneSimulator.Deploy.0 = Release|Any CPU
		{A8BA6286-631C-4C1D-BC02-C08BB7A26516}.Ad-Hoc|x64.ActiveCfg = Release|Any CPU
		{A8BA6286-631C-4C1D-BC02-C08BB7A26516}.Ad-Hoc|x64.Build.0 = Release|Any CPU
		{A8BA6286-631C-4C1D-BC02-C08BB7A26516}.Ad-Hoc|x64.Deploy.0 = Release|Any CPU
		{A8BA6286-631C-4C1D-BC02-C08BB7A26516}.Ad-Hoc|x86.ActiveCfg = Release|Any CPU
		{A8BA6286-631C-4C1D-BC02-C08BB7A26516}.Ad-Hoc|x86.Build.0 = Release|Any CPU
		{A8BA6286-631C-4C1D-BC02-C08BB7A26516}.Ad-Hoc|x86.Deploy.0 = Release|Any CPU
		{A8BA6286-631C-4C1D-BC02-C08BB7A26516}.AppStore|Any CPU.ActiveCfg = Release|Any CPU
		{A8BA6286-631C-4C1D-BC02-C08BB7A26516}.AppStore|Any CPU.Build.0 = Release|Any CPU
		{A8BA6286-631C-4C1D-BC02-C08BB7A26516}.AppStore|Any CPU.Deploy.0 = Release|Any CPU
		{A8BA6286-631C-4C1D-BC02-C08BB7A26516}.AppStore|ARM.ActiveCfg = Release|Any CPU
		{A8BA6286-631C-4C1D-BC02-C08BB7A26516}.AppStore|ARM.Build.0 = Release|Any CPU
		{A8BA6286-631C-4C1D-BC02-C08BB7A26516}.AppStore|ARM.Deploy.0 = Release|Any CPU
		{A8BA6286-631C-4C1D-BC02-C08BB7A26516}.AppStore|iPhone.ActiveCfg = Release|Any CPU
		{A8BA6286-631C-4C1D-BC02-C08BB7A26516}.AppStore|iPhone.Build.0 = Release|Any CPU
		{A8BA6286-631C-4C1D-BC02-C08BB7A26516}.AppStore|iPhone.Deploy.0 = Release|Any CPU
		{A8BA6286-631C-4C1D-BC02-C08BB7A26516}.AppStore|iPhoneSimulator.ActiveCfg = Release|Any CPU
		{A8BA6286-631C-4C1D-BC02-C08BB7A26516}.AppStore|iPhoneSimulator.Build.0 = Release|Any CPU
		{A8BA6286-631C-4C1D-BC02-C08BB7A26516}.AppStore|iPhoneSimulator.Deploy.0 = Release|Any CPU
		{A8BA6286-631C-4C1D-BC02-C08BB7A26516}.AppStore|x64.ActiveCfg = Release|Any CPU
		{A8BA6286-631C-4C1D-BC02-C08BB7A26516}.AppStore|x64.Build.0 = Release|Any CPU
		{A8BA6286-631C-4C1D-BC02-C08BB7A26516}.AppStore|x64.Deploy.0 = Release|Any CPU
		{A8BA6286-631C-4C1D-BC02-C08BB7A26516}.AppStore|x86.ActiveCfg = Release|Any CPU
		{A8BA6286-631C-4C1D-BC02-C08BB7A26516}.AppStore|x86.Build.0 = Release|Any CPU
		{A8BA6286-631C-4C1D-BC02-C08BB7A26516}.AppStore|x86.Deploy.0 = Release|Any CPU
		{A8BA6286-631C-4C1D-BC02-C08BB7A26516}.Debug Admin|Any CPU.ActiveCfg = Debug|Any CPU
		{A8BA6286-631C-4C1D-BC02-C08BB7A26516}.Debug Admin|Any CPU.Build.0 = Debug|Any CPU
		{A8BA6286-631C-4C1D-BC02-C08BB7A26516}.Debug Admin|Any CPU.Deploy.0 = Debug|Any CPU
		{A8BA6286-631C-4C1D-BC02-C08BB7A26516}.Debug Admin|ARM.ActiveCfg = Debug|Any CPU
		{A8BA6286-631C-4C1D-BC02-C08BB7A26516}.Debug Admin|ARM.Build.0 = Debug|Any CPU
		{A8BA6286-631C-4C1D-BC02-C08BB7A26516}.Debug Admin|ARM.Deploy.0 = Debug|Any CPU
		{A8BA6286-631C-4C1D-BC02-C08BB7A26516}.Debug Admin|iPhone.ActiveCfg = Debug|Any CPU
		{A8BA6286-631C-4C1D-BC02-C08BB7A26516}.Debug Admin|iPhone.Build.0 = Debug|Any CPU
		{A8BA6286-631C-4C1D-BC02-C08BB7A26516}.Debug Admin|iPhone.Deploy.0 = Debug|Any CPU
		{A8BA6286-631C-4C1D-BC02-C08BB7A26516}.Debug Admin|iPhoneSimulator.ActiveCfg = Debug|Any CPU
		{A8BA6286-631C-4C1D-BC02-C08BB7A26516}.Debug Admin|iPhoneSimulator.Build.0 = Debug|Any CPU
		{A8BA6286-631C-4C1D-BC02-C08BB7A26516}.Debug Admin|iPhoneSimulator.Deploy.0 = Debug|Any CPU
		{A8BA6286-631C-4C1D-BC02-C08BB7A26516}.Debug Admin|x64.ActiveCfg = Debug|Any CPU
		{A8BA6286-631C-4C1D-BC02-C08BB7A26516}.Debug Admin|x64.Build.0 = Debug|Any CPU
		{A8BA6286-631C-4C1D-BC02-C08BB7A26516}.Debug Admin|x64.Deploy.0 = Debug|Any CPU
		{A8BA6286-631C-4C1D-BC02-C08BB7A26516}.Debug Admin|x86.ActiveCfg = Debug|Any CPU
		{A8BA6286-631C-4C1D-BC02-C08BB7A26516}.Debug Admin|x86.Build.0 = Debug|Any CPU
		{A8BA6286-631C-4C1D-BC02-C08BB7A26516}.Debug Admin|x86.Deploy.0 = Debug|Any CPU
		{A8BA6286-631C-4C1D-BC02-C08BB7A26516}.Debug Display|Any CPU.ActiveCfg = Debug|Any CPU
		{A8BA6286-631C-4C1D-BC02-C08BB7A26516}.Debug Display|Any CPU.Build.0 = Debug|Any CPU
		{A8BA6286-631C-4C1D-BC02-C08BB7A26516}.Debug Display|Any CPU.Deploy.0 = Debug|Any CPU
		{A8BA6286-631C-4C1D-BC02-C08BB7A26516}.Debug Display|ARM.ActiveCfg = Debug|Any CPU
		{A8BA6286-631C-4C1D-BC02-C08BB7A26516}.Debug Display|ARM.Build.0 = Debug|Any CPU
		{A8BA6286-631C-4C1D-BC02-C08BB7A26516}.Debug Display|ARM.Deploy.0 = Debug|Any CPU
		{A8BA6286-631C-4C1D-BC02-C08BB7A26516}.Debug Display|iPhone.ActiveCfg = Debug|Any CPU
		{A8BA6286-631C-4C1D-BC02-C08BB7A26516}.Debug Display|iPhone.Build.0 = Debug|Any CPU
		{A8BA6286-631C-4C1D-BC02-C08BB7A26516}.Debug Display|iPhone.Deploy.0 = Debug|Any CPU
		{A8BA6286-631C-4C1D-BC02-C08BB7A26516}.Debug Display|iPhoneSimulator.ActiveCfg = Debug|Any CPU
		{A8BA6286-631C-4C1D-BC02-C08BB7A26516}.Debug Display|iPhoneSimulator.Build.0 = Debug|Any CPU
		{A8BA6286-631C-4C1D-BC02-C08BB7A26516}.Debug Display|iPhoneSimulator.Deploy.0 = Debug|Any CPU
		{A8BA6286-631C-4C1D-BC02-C08BB7A26516}.Debug Display|x64.ActiveCfg = Debug|Any CPU
		{A8BA6286-631C-4C1D-BC02-C08BB7A26516}.Debug Display|x64.Build.0 = Debug|Any CPU
		{A8BA6286-631C-4C1D-BC02-C08BB7A26516}.Debug Display|x64.Deploy.0 = Debug|Any CPU
		{A8BA6286-631C-4C1D-BC02-C08BB7A26516}.Debug Display|x86.ActiveCfg = Debug|Any CPU
		{A8BA6286-631C-4C1D-BC02-C08BB7A26516}.Debug Display|x86.Build.0 = Debug|Any CPU
		{A8BA6286-631C-4C1D-BC02-C08BB7A26516}.Debug Display|x86.Deploy.0 = Debug|Any CPU
		{A8BA6286-631C-4C1D-BC02-C08BB7A26516}.Debug User|Any CPU.ActiveCfg = Debug|Any CPU
		{A8BA6286-631C-4C1D-BC02-C08BB7A26516}.Debug User|Any CPU.Build.0 = Debug|Any CPU
		{A8BA6286-631C-4C1D-BC02-C08BB7A26516}.Debug User|Any CPU.Deploy.0 = Debug|Any CPU
		{A8BA6286-631C-4C1D-BC02-C08BB7A26516}.Debug User|ARM.ActiveCfg = Debug|Any CPU
		{A8BA6286-631C-4C1D-BC02-C08BB7A26516}.Debug User|ARM.Build.0 = Debug|Any CPU
		{A8BA6286-631C-4C1D-BC02-C08BB7A26516}.Debug User|ARM.Deploy.0 = Debug|Any CPU
		{A8BA6286-631C-4C1D-BC02-C08BB7A26516}.Debug User|iPhone.ActiveCfg = Debug|Any CPU
		{A8BA6286-631C-4C1D-BC02-C08BB7A26516}.Debug User|iPhone.Build.0 = Debug|Any CPU
		{A8BA6286-631C-4C1D-BC02-C08BB7A26516}.Debug User|iPhone.Deploy.0 = Debug|Any CPU
		{A8BA6286-631C-4C1D-BC02-C08BB7A26516}.Debug User|iPhoneSimulator.ActiveCfg = Debug|Any CPU
		{A8BA6286-631C-4C1D-BC02-C08BB7A26516}.Debug User|iPhoneSimulator.Build.0 = Debug|Any CPU
		{A8BA6286-631C-4C1D-BC02-C08BB7A26516}.Debug User|iPhoneSimulator.Deploy.0 = Debug|Any CPU
		{A8BA6286-631C-4C1D-BC02-C08BB7A26516}.Debug User|x64.ActiveCfg = Debug|Any CPU
		{A8BA6286-631C-4C1D-BC02-C08BB7A26516}.Debug User|x64.Build.0 = Debug|Any CPU
		{A8BA6286-631C-4C1D-BC02-C08BB7A26516}.Debug User|x64.Deploy.0 = Debug|Any CPU
		{A8BA6286-631C-4C1D-BC02-C08BB7A26516}.Debug User|x86.ActiveCfg = Debug|Any CPU
		{A8BA6286-631C-4C1D-BC02-C08BB7A26516}.Debug User|x86.Build.0 = Debug|Any CPU
		{A8BA6286-631C-4C1D-BC02-C08BB7A26516}.Debug User|x86.Deploy.0 = Debug|Any CPU
		{A8BA6286-631C-4C1D-BC02-C08BB7A26516}.Debug|Any CPU.ActiveCfg = Debug|Any CPU
		{A8BA6286-631C-4C1D-BC02-C08BB7A26516}.Debug|Any CPU.Build.0 = Debug|Any CPU
		{A8BA6286-631C-4C1D-BC02-C08BB7A26516}.Debug|Any CPU.Deploy.0 = Debug|Any CPU
		{A8BA6286-631C-4C1D-BC02-C08BB7A26516}.Debug|ARM.ActiveCfg = Debug|Any CPU
		{A8BA6286-631C-4C1D-BC02-C08BB7A26516}.Debug|ARM.Build.0 = Debug|Any CPU
		{A8BA6286-631C-4C1D-BC02-C08BB7A26516}.Debug|ARM.Deploy.0 = Debug|Any CPU
		{A8BA6286-631C-4C1D-BC02-C08BB7A26516}.Debug|iPhone.ActiveCfg = Debug|Any CPU
		{A8BA6286-631C-4C1D-BC02-C08BB7A26516}.Debug|iPhone.Build.0 = Debug|Any CPU
		{A8BA6286-631C-4C1D-BC02-C08BB7A26516}.Debug|iPhone.Deploy.0 = Debug|Any CPU
		{A8BA6286-631C-4C1D-BC02-C08BB7A26516}.Debug|iPhoneSimulator.ActiveCfg = Debug|Any CPU
		{A8BA6286-631C-4C1D-BC02-C08BB7A26516}.Debug|iPhoneSimulator.Build.0 = Debug|Any CPU
		{A8BA6286-631C-4C1D-BC02-C08BB7A26516}.Debug|iPhoneSimulator.Deploy.0 = Debug|Any CPU
		{A8BA6286-631C-4C1D-BC02-C08BB7A26516}.Debug|x64.ActiveCfg = Debug|Any CPU
		{A8BA6286-631C-4C1D-BC02-C08BB7A26516}.Debug|x64.Build.0 = Debug|Any CPU
		{A8BA6286-631C-4C1D-BC02-C08BB7A26516}.Debug|x64.Deploy.0 = Debug|Any CPU
		{A8BA6286-631C-4C1D-BC02-C08BB7A26516}.Debug|x86.ActiveCfg = Debug|Any CPU
		{A8BA6286-631C-4C1D-BC02-C08BB7A26516}.Debug|x86.Build.0 = Debug|Any CPU
		{A8BA6286-631C-4C1D-BC02-C08BB7A26516}.Debug|x86.Deploy.0 = Debug|Any CPU
		{A8BA6286-631C-4C1D-BC02-C08BB7A26516}.Release|Any CPU.ActiveCfg = Release|Any CPU
		{A8BA6286-631C-4C1D-BC02-C08BB7A26516}.Release|Any CPU.Build.0 = Release|Any CPU
		{A8BA6286-631C-4C1D-BC02-C08BB7A26516}.Release|Any CPU.Deploy.0 = Release|Any CPU
		{A8BA6286-631C-4C1D-BC02-C08BB7A26516}.Release|ARM.ActiveCfg = Release|Any CPU
		{A8BA6286-631C-4C1D-BC02-C08BB7A26516}.Release|ARM.Build.0 = Release|Any CPU
		{A8BA6286-631C-4C1D-BC02-C08BB7A26516}.Release|ARM.Deploy.0 = Release|Any CPU
		{A8BA6286-631C-4C1D-BC02-C08BB7A26516}.Release|iPhone.ActiveCfg = Release|Any CPU
		{A8BA6286-631C-4C1D-BC02-C08BB7A26516}.Release|iPhone.Build.0 = Release|Any CPU
		{A8BA6286-631C-4C1D-BC02-C08BB7A26516}.Release|iPhone.Deploy.0 = Release|Any CPU
		{A8BA6286-631C-4C1D-BC02-C08BB7A26516}.Release|iPhoneSimulator.ActiveCfg = Release|Any CPU
		{A8BA6286-631C-4C1D-BC02-C08BB7A26516}.Release|iPhoneSimulator.Build.0 = Release|Any CPU
		{A8BA6286-631C-4C1D-BC02-C08BB7A26516}.Release|iPhoneSimulator.Deploy.0 = Release|Any CPU
		{A8BA6286-631C-4C1D-BC02-C08BB7A26516}.Release|x64.ActiveCfg = Release|Any CPU
		{A8BA6286-631C-4C1D-BC02-C08BB7A26516}.Release|x64.Build.0 = Release|Any CPU
		{A8BA6286-631C-4C1D-BC02-C08BB7A26516}.Release|x64.Deploy.0 = Release|Any CPU
		{A8BA6286-631C-4C1D-BC02-C08BB7A26516}.Release|x86.ActiveCfg = Release|Any CPU
		{A8BA6286-631C-4C1D-BC02-C08BB7A26516}.Release|x86.Build.0 = Release|Any CPU
		{A8BA6286-631C-4C1D-BC02-C08BB7A26516}.Release|x86.Deploy.0 = Release|Any CPU
		{594AB2B3-0A38-4C73-B964-23A9A4D2E9E3}.Ad-Hoc|Any CPU.ActiveCfg = Release|iPhone
		{594AB2B3-0A38-4C73-B964-23A9A4D2E9E3}.Ad-Hoc|Any CPU.Build.0 = Release|iPhone
		{594AB2B3-0A38-4C73-B964-23A9A4D2E9E3}.Ad-Hoc|ARM.ActiveCfg = Release|iPhone
		{594AB2B3-0A38-4C73-B964-23A9A4D2E9E3}.Ad-Hoc|ARM.Build.0 = Release|iPhone
		{594AB2B3-0A38-4C73-B964-23A9A4D2E9E3}.Ad-Hoc|iPhone.ActiveCfg = Release|iPhone
		{594AB2B3-0A38-4C73-B964-23A9A4D2E9E3}.Ad-Hoc|iPhone.Build.0 = Release|iPhone
		{594AB2B3-0A38-4C73-B964-23A9A4D2E9E3}.Ad-Hoc|iPhoneSimulator.ActiveCfg = Release|iPhoneSimulator
		{594AB2B3-0A38-4C73-B964-23A9A4D2E9E3}.Ad-Hoc|iPhoneSimulator.Build.0 = Release|iPhoneSimulator
		{594AB2B3-0A38-4C73-B964-23A9A4D2E9E3}.Ad-Hoc|x64.ActiveCfg = Release|iPhone
		{594AB2B3-0A38-4C73-B964-23A9A4D2E9E3}.Ad-Hoc|x64.Build.0 = Release|iPhone
		{594AB2B3-0A38-4C73-B964-23A9A4D2E9E3}.Ad-Hoc|x86.ActiveCfg = Release|iPhone
		{594AB2B3-0A38-4C73-B964-23A9A4D2E9E3}.Ad-Hoc|x86.Build.0 = Release|iPhone
		{594AB2B3-0A38-4C73-B964-23A9A4D2E9E3}.AppStore|Any CPU.ActiveCfg = Release|iPhone
		{594AB2B3-0A38-4C73-B964-23A9A4D2E9E3}.AppStore|Any CPU.Build.0 = Release|iPhone
		{594AB2B3-0A38-4C73-B964-23A9A4D2E9E3}.AppStore|ARM.ActiveCfg = Release|iPhone
		{594AB2B3-0A38-4C73-B964-23A9A4D2E9E3}.AppStore|ARM.Build.0 = Release|iPhone
		{594AB2B3-0A38-4C73-B964-23A9A4D2E9E3}.AppStore|iPhone.ActiveCfg = Release|iPhone
		{594AB2B3-0A38-4C73-B964-23A9A4D2E9E3}.AppStore|iPhone.Build.0 = Release|iPhone
		{594AB2B3-0A38-4C73-B964-23A9A4D2E9E3}.AppStore|iPhoneSimulator.ActiveCfg = Release|iPhoneSimulator
		{594AB2B3-0A38-4C73-B964-23A9A4D2E9E3}.AppStore|iPhoneSimulator.Build.0 = Release|iPhoneSimulator
		{594AB2B3-0A38-4C73-B964-23A9A4D2E9E3}.AppStore|x64.ActiveCfg = Release|iPhone
		{594AB2B3-0A38-4C73-B964-23A9A4D2E9E3}.AppStore|x64.Build.0 = Release|iPhone
		{594AB2B3-0A38-4C73-B964-23A9A4D2E9E3}.AppStore|x86.ActiveCfg = Release|iPhone
		{594AB2B3-0A38-4C73-B964-23A9A4D2E9E3}.AppStore|x86.Build.0 = Release|iPhone
		{594AB2B3-0A38-4C73-B964-23A9A4D2E9E3}.Debug Admin|Any CPU.ActiveCfg = Release|iPhone
		{594AB2B3-0A38-4C73-B964-23A9A4D2E9E3}.Debug Admin|Any CPU.Build.0 = Release|iPhone
		{594AB2B3-0A38-4C73-B964-23A9A4D2E9E3}.Debug Admin|ARM.ActiveCfg = Release|iPhone
		{594AB2B3-0A38-4C73-B964-23A9A4D2E9E3}.Debug Admin|ARM.Build.0 = Release|iPhone
		{594AB2B3-0A38-4C73-B964-23A9A4D2E9E3}.Debug Admin|iPhone.ActiveCfg = Debug|iPhone
		{594AB2B3-0A38-4C73-B964-23A9A4D2E9E3}.Debug Admin|iPhone.Build.0 = Debug|iPhone
		{594AB2B3-0A38-4C73-B964-23A9A4D2E9E3}.Debug Admin|iPhoneSimulator.ActiveCfg = Debug|iPhoneSimulator
		{594AB2B3-0A38-4C73-B964-23A9A4D2E9E3}.Debug Admin|iPhoneSimulator.Build.0 = Debug|iPhoneSimulator
		{594AB2B3-0A38-4C73-B964-23A9A4D2E9E3}.Debug Admin|x64.ActiveCfg = Release|iPhone
		{594AB2B3-0A38-4C73-B964-23A9A4D2E9E3}.Debug Admin|x64.Build.0 = Release|iPhone
		{594AB2B3-0A38-4C73-B964-23A9A4D2E9E3}.Debug Admin|x86.ActiveCfg = Release|iPhone
		{594AB2B3-0A38-4C73-B964-23A9A4D2E9E3}.Debug Admin|x86.Build.0 = Release|iPhone
		{594AB2B3-0A38-4C73-B964-23A9A4D2E9E3}.Debug Display|Any CPU.ActiveCfg = Release|iPhone
		{594AB2B3-0A38-4C73-B964-23A9A4D2E9E3}.Debug Display|Any CPU.Build.0 = Release|iPhone
		{594AB2B3-0A38-4C73-B964-23A9A4D2E9E3}.Debug Display|ARM.ActiveCfg = Release|iPhone
		{594AB2B3-0A38-4C73-B964-23A9A4D2E9E3}.Debug Display|ARM.Build.0 = Release|iPhone
		{594AB2B3-0A38-4C73-B964-23A9A4D2E9E3}.Debug Display|iPhone.ActiveCfg = Debug|iPhone
		{594AB2B3-0A38-4C73-B964-23A9A4D2E9E3}.Debug Display|iPhone.Build.0 = Debug|iPhone
		{594AB2B3-0A38-4C73-B964-23A9A4D2E9E3}.Debug Display|iPhoneSimulator.ActiveCfg = Debug|iPhoneSimulator
		{594AB2B3-0A38-4C73-B964-23A9A4D2E9E3}.Debug Display|iPhoneSimulator.Build.0 = Debug|iPhoneSimulator
		{594AB2B3-0A38-4C73-B964-23A9A4D2E9E3}.Debug Display|x64.ActiveCfg = Release|iPhone
		{594AB2B3-0A38-4C73-B964-23A9A4D2E9E3}.Debug Display|x64.Build.0 = Release|iPhone
		{594AB2B3-0A38-4C73-B964-23A9A4D2E9E3}.Debug Display|x86.ActiveCfg = Release|iPhone
		{594AB2B3-0A38-4C73-B964-23A9A4D2E9E3}.Debug Display|x86.Build.0 = Release|iPhone
		{594AB2B3-0A38-4C73-B964-23A9A4D2E9E3}.Debug User|Any CPU.ActiveCfg = Release|iPhone
		{594AB2B3-0A38-4C73-B964-23A9A4D2E9E3}.Debug User|Any CPU.Build.0 = Release|iPhone
		{594AB2B3-0A38-4C73-B964-23A9A4D2E9E3}.Debug User|ARM.ActiveCfg = Release|iPhone
		{594AB2B3-0A38-4C73-B964-23A9A4D2E9E3}.Debug User|ARM.Build.0 = Release|iPhone
		{594AB2B3-0A38-4C73-B964-23A9A4D2E9E3}.Debug User|iPhone.ActiveCfg = Debug|iPhone
		{594AB2B3-0A38-4C73-B964-23A9A4D2E9E3}.Debug User|iPhone.Build.0 = Debug|iPhone
		{594AB2B3-0A38-4C73-B964-23A9A4D2E9E3}.Debug User|iPhoneSimulator.ActiveCfg = Debug|iPhoneSimulator
		{594AB2B3-0A38-4C73-B964-23A9A4D2E9E3}.Debug User|iPhoneSimulator.Build.0 = Debug|iPhoneSimulator
		{594AB2B3-0A38-4C73-B964-23A9A4D2E9E3}.Debug User|x64.ActiveCfg = Release|iPhone
		{594AB2B3-0A38-4C73-B964-23A9A4D2E9E3}.Debug User|x64.Build.0 = Release|iPhone
		{594AB2B3-0A38-4C73-B964-23A9A4D2E9E3}.Debug User|x86.ActiveCfg = Release|iPhone
		{594AB2B3-0A38-4C73-B964-23A9A4D2E9E3}.Debug User|x86.Build.0 = Release|iPhone
		{594AB2B3-0A38-4C73-B964-23A9A4D2E9E3}.Debug|Any CPU.ActiveCfg = Debug|iPhone
		{594AB2B3-0A38-4C73-B964-23A9A4D2E9E3}.Debug|ARM.ActiveCfg = Debug|iPhone
		{594AB2B3-0A38-4C73-B964-23A9A4D2E9E3}.Debug|iPhone.ActiveCfg = Debug|iPhone
		{594AB2B3-0A38-4C73-B964-23A9A4D2E9E3}.Debug|iPhone.Build.0 = Debug|iPhone
		{594AB2B3-0A38-4C73-B964-23A9A4D2E9E3}.Debug|iPhoneSimulator.ActiveCfg = Debug|iPhoneSimulator
		{594AB2B3-0A38-4C73-B964-23A9A4D2E9E3}.Debug|iPhoneSimulator.Build.0 = Debug|iPhoneSimulator
		{594AB2B3-0A38-4C73-B964-23A9A4D2E9E3}.Debug|x64.ActiveCfg = Debug|iPhone
		{594AB2B3-0A38-4C73-B964-23A9A4D2E9E3}.Debug|x86.ActiveCfg = Debug|iPhone
		{594AB2B3-0A38-4C73-B964-23A9A4D2E9E3}.Release|Any CPU.ActiveCfg = Release|iPhone
		{594AB2B3-0A38-4C73-B964-23A9A4D2E9E3}.Release|ARM.ActiveCfg = Release|iPhone
		{594AB2B3-0A38-4C73-B964-23A9A4D2E9E3}.Release|iPhone.ActiveCfg = Release|iPhone
		{594AB2B3-0A38-4C73-B964-23A9A4D2E9E3}.Release|iPhone.Build.0 = Release|iPhone
		{594AB2B3-0A38-4C73-B964-23A9A4D2E9E3}.Release|iPhoneSimulator.ActiveCfg = Release|iPhoneSimulator
		{594AB2B3-0A38-4C73-B964-23A9A4D2E9E3}.Release|iPhoneSimulator.Build.0 = Release|iPhoneSimulator
		{594AB2B3-0A38-4C73-B964-23A9A4D2E9E3}.Release|x64.ActiveCfg = Release|iPhone
		{594AB2B3-0A38-4C73-B964-23A9A4D2E9E3}.Release|x86.ActiveCfg = Release|iPhone
		{5A3ACA03-BFF5-4B40-BF9B-050B978E7104}.Ad-Hoc|Any CPU.ActiveCfg = Release|x86
		{5A3ACA03-BFF5-4B40-BF9B-050B978E7104}.Ad-Hoc|Any CPU.Build.0 = Release|x86
		{5A3ACA03-BFF5-4B40-BF9B-050B978E7104}.Ad-Hoc|Any CPU.Deploy.0 = Release|x86
		{5A3ACA03-BFF5-4B40-BF9B-050B978E7104}.Ad-Hoc|ARM.ActiveCfg = Release|ARM
		{5A3ACA03-BFF5-4B40-BF9B-050B978E7104}.Ad-Hoc|ARM.Build.0 = Release|ARM
		{5A3ACA03-BFF5-4B40-BF9B-050B978E7104}.Ad-Hoc|ARM.Deploy.0 = Release|ARM
		{5A3ACA03-BFF5-4B40-BF9B-050B978E7104}.Ad-Hoc|iPhone.ActiveCfg = Release|x86
		{5A3ACA03-BFF5-4B40-BF9B-050B978E7104}.Ad-Hoc|iPhone.Build.0 = Release|x86
		{5A3ACA03-BFF5-4B40-BF9B-050B978E7104}.Ad-Hoc|iPhone.Deploy.0 = Release|x86
		{5A3ACA03-BFF5-4B40-BF9B-050B978E7104}.Ad-Hoc|iPhoneSimulator.ActiveCfg = Release|x86
		{5A3ACA03-BFF5-4B40-BF9B-050B978E7104}.Ad-Hoc|iPhoneSimulator.Build.0 = Release|x86
		{5A3ACA03-BFF5-4B40-BF9B-050B978E7104}.Ad-Hoc|iPhoneSimulator.Deploy.0 = Release|x86
		{5A3ACA03-BFF5-4B40-BF9B-050B978E7104}.Ad-Hoc|x64.ActiveCfg = Release|x64
		{5A3ACA03-BFF5-4B40-BF9B-050B978E7104}.Ad-Hoc|x64.Build.0 = Release|x64
		{5A3ACA03-BFF5-4B40-BF9B-050B978E7104}.Ad-Hoc|x64.Deploy.0 = Release|x64
		{5A3ACA03-BFF5-4B40-BF9B-050B978E7104}.Ad-Hoc|x86.ActiveCfg = Release|x86
		{5A3ACA03-BFF5-4B40-BF9B-050B978E7104}.Ad-Hoc|x86.Build.0 = Release|x86
		{5A3ACA03-BFF5-4B40-BF9B-050B978E7104}.Ad-Hoc|x86.Deploy.0 = Release|x86
		{5A3ACA03-BFF5-4B40-BF9B-050B978E7104}.AppStore|Any CPU.ActiveCfg = Release|x86
		{5A3ACA03-BFF5-4B40-BF9B-050B978E7104}.AppStore|Any CPU.Build.0 = Release|x86
		{5A3ACA03-BFF5-4B40-BF9B-050B978E7104}.AppStore|Any CPU.Deploy.0 = Release|x86
		{5A3ACA03-BFF5-4B40-BF9B-050B978E7104}.AppStore|ARM.ActiveCfg = Release|ARM
		{5A3ACA03-BFF5-4B40-BF9B-050B978E7104}.AppStore|ARM.Build.0 = Release|ARM
		{5A3ACA03-BFF5-4B40-BF9B-050B978E7104}.AppStore|ARM.Deploy.0 = Release|ARM
		{5A3ACA03-BFF5-4B40-BF9B-050B978E7104}.AppStore|iPhone.ActiveCfg = Release|x86
		{5A3ACA03-BFF5-4B40-BF9B-050B978E7104}.AppStore|iPhone.Build.0 = Release|x86
		{5A3ACA03-BFF5-4B40-BF9B-050B978E7104}.AppStore|iPhone.Deploy.0 = Release|x86
		{5A3ACA03-BFF5-4B40-BF9B-050B978E7104}.AppStore|iPhoneSimulator.ActiveCfg = Release|x86
		{5A3ACA03-BFF5-4B40-BF9B-050B978E7104}.AppStore|iPhoneSimulator.Build.0 = Release|x86
		{5A3ACA03-BFF5-4B40-BF9B-050B978E7104}.AppStore|iPhoneSimulator.Deploy.0 = Release|x86
		{5A3ACA03-BFF5-4B40-BF9B-050B978E7104}.AppStore|x64.ActiveCfg = Release|x64
		{5A3ACA03-BFF5-4B40-BF9B-050B978E7104}.AppStore|x64.Build.0 = Release|x64
		{5A3ACA03-BFF5-4B40-BF9B-050B978E7104}.AppStore|x64.Deploy.0 = Release|x64
		{5A3ACA03-BFF5-4B40-BF9B-050B978E7104}.AppStore|x86.ActiveCfg = Release|x86
		{5A3ACA03-BFF5-4B40-BF9B-050B978E7104}.AppStore|x86.Build.0 = Release|x86
		{5A3ACA03-BFF5-4B40-BF9B-050B978E7104}.AppStore|x86.Deploy.0 = Release|x86
		{5A3ACA03-BFF5-4B40-BF9B-050B978E7104}.Debug Admin|Any CPU.ActiveCfg = Release|x86
		{5A3ACA03-BFF5-4B40-BF9B-050B978E7104}.Debug Admin|Any CPU.Build.0 = Release|x86
		{5A3ACA03-BFF5-4B40-BF9B-050B978E7104}.Debug Admin|Any CPU.Deploy.0 = Release|x86
		{5A3ACA03-BFF5-4B40-BF9B-050B978E7104}.Debug Admin|ARM.ActiveCfg = Debug|ARM
		{5A3ACA03-BFF5-4B40-BF9B-050B978E7104}.Debug Admin|ARM.Build.0 = Debug|ARM
		{5A3ACA03-BFF5-4B40-BF9B-050B978E7104}.Debug Admin|ARM.Deploy.0 = Debug|ARM
		{5A3ACA03-BFF5-4B40-BF9B-050B978E7104}.Debug Admin|iPhone.ActiveCfg = Release|x86
		{5A3ACA03-BFF5-4B40-BF9B-050B978E7104}.Debug Admin|iPhone.Build.0 = Release|x86
		{5A3ACA03-BFF5-4B40-BF9B-050B978E7104}.Debug Admin|iPhone.Deploy.0 = Release|x86
		{5A3ACA03-BFF5-4B40-BF9B-050B978E7104}.Debug Admin|iPhoneSimulator.ActiveCfg = Release|x86
		{5A3ACA03-BFF5-4B40-BF9B-050B978E7104}.Debug Admin|iPhoneSimulator.Build.0 = Release|x86
		{5A3ACA03-BFF5-4B40-BF9B-050B978E7104}.Debug Admin|iPhoneSimulator.Deploy.0 = Release|x86
		{5A3ACA03-BFF5-4B40-BF9B-050B978E7104}.Debug Admin|x64.ActiveCfg = Debug|x64
		{5A3ACA03-BFF5-4B40-BF9B-050B978E7104}.Debug Admin|x64.Build.0 = Debug|x64
		{5A3ACA03-BFF5-4B40-BF9B-050B978E7104}.Debug Admin|x64.Deploy.0 = Debug|x64
		{5A3ACA03-BFF5-4B40-BF9B-050B978E7104}.Debug Admin|x86.ActiveCfg = Debug|x86
		{5A3ACA03-BFF5-4B40-BF9B-050B978E7104}.Debug Admin|x86.Build.0 = Debug|x86
		{5A3ACA03-BFF5-4B40-BF9B-050B978E7104}.Debug Admin|x86.Deploy.0 = Debug|x86
		{5A3ACA03-BFF5-4B40-BF9B-050B978E7104}.Debug Display|Any CPU.ActiveCfg = Release|x86
		{5A3ACA03-BFF5-4B40-BF9B-050B978E7104}.Debug Display|Any CPU.Build.0 = Release|x86
		{5A3ACA03-BFF5-4B40-BF9B-050B978E7104}.Debug Display|Any CPU.Deploy.0 = Release|x86
		{5A3ACA03-BFF5-4B40-BF9B-050B978E7104}.Debug Display|ARM.ActiveCfg = Debug|ARM
		{5A3ACA03-BFF5-4B40-BF9B-050B978E7104}.Debug Display|ARM.Build.0 = Debug|ARM
		{5A3ACA03-BFF5-4B40-BF9B-050B978E7104}.Debug Display|ARM.Deploy.0 = Debug|ARM
		{5A3ACA03-BFF5-4B40-BF9B-050B978E7104}.Debug Display|iPhone.ActiveCfg = Release|x86
		{5A3ACA03-BFF5-4B40-BF9B-050B978E7104}.Debug Display|iPhone.Build.0 = Release|x86
		{5A3ACA03-BFF5-4B40-BF9B-050B978E7104}.Debug Display|iPhone.Deploy.0 = Release|x86
		{5A3ACA03-BFF5-4B40-BF9B-050B978E7104}.Debug Display|iPhoneSimulator.ActiveCfg = Release|x86
		{5A3ACA03-BFF5-4B40-BF9B-050B978E7104}.Debug Display|iPhoneSimulator.Build.0 = Release|x86
		{5A3ACA03-BFF5-4B40-BF9B-050B978E7104}.Debug Display|iPhoneSimulator.Deploy.0 = Release|x86
		{5A3ACA03-BFF5-4B40-BF9B-050B978E7104}.Debug Display|x64.ActiveCfg = Debug|x64
		{5A3ACA03-BFF5-4B40-BF9B-050B978E7104}.Debug Display|x64.Build.0 = Debug|x64
		{5A3ACA03-BFF5-4B40-BF9B-050B978E7104}.Debug Display|x64.Deploy.0 = Debug|x64
		{5A3ACA03-BFF5-4B40-BF9B-050B978E7104}.Debug Display|x86.ActiveCfg = Debug|x86
		{5A3ACA03-BFF5-4B40-BF9B-050B978E7104}.Debug Display|x86.Build.0 = Debug|x86
		{5A3ACA03-BFF5-4B40-BF9B-050B978E7104}.Debug Display|x86.Deploy.0 = Debug|x86
		{5A3ACA03-BFF5-4B40-BF9B-050B978E7104}.Debug User|Any CPU.ActiveCfg = Release|x86
		{5A3ACA03-BFF5-4B40-BF9B-050B978E7104}.Debug User|Any CPU.Build.0 = Release|x86
		{5A3ACA03-BFF5-4B40-BF9B-050B978E7104}.Debug User|Any CPU.Deploy.0 = Release|x86
		{5A3ACA03-BFF5-4B40-BF9B-050B978E7104}.Debug User|ARM.ActiveCfg = Debug|ARM
		{5A3ACA03-BFF5-4B40-BF9B-050B978E7104}.Debug User|ARM.Build.0 = Debug|ARM
		{5A3ACA03-BFF5-4B40-BF9B-050B978E7104}.Debug User|ARM.Deploy.0 = Debug|ARM
		{5A3ACA03-BFF5-4B40-BF9B-050B978E7104}.Debug User|iPhone.ActiveCfg = Release|x86
		{5A3ACA03-BFF5-4B40-BF9B-050B978E7104}.Debug User|iPhone.Build.0 = Release|x86
		{5A3ACA03-BFF5-4B40-BF9B-050B978E7104}.Debug User|iPhone.Deploy.0 = Release|x86
		{5A3ACA03-BFF5-4B40-BF9B-050B978E7104}.Debug User|iPhoneSimulator.ActiveCfg = Release|x86
		{5A3ACA03-BFF5-4B40-BF9B-050B978E7104}.Debug User|iPhoneSimulator.Build.0 = Release|x86
		{5A3ACA03-BFF5-4B40-BF9B-050B978E7104}.Debug User|iPhoneSimulator.Deploy.0 = Release|x86
		{5A3ACA03-BFF5-4B40-BF9B-050B978E7104}.Debug User|x64.ActiveCfg = Debug|x64
		{5A3ACA03-BFF5-4B40-BF9B-050B978E7104}.Debug User|x64.Build.0 = Debug|x64
		{5A3ACA03-BFF5-4B40-BF9B-050B978E7104}.Debug User|x64.Deploy.0 = Debug|x64
		{5A3ACA03-BFF5-4B40-BF9B-050B978E7104}.Debug User|x86.ActiveCfg = Debug|x86
		{5A3ACA03-BFF5-4B40-BF9B-050B978E7104}.Debug User|x86.Build.0 = Debug|x86
		{5A3ACA03-BFF5-4B40-BF9B-050B978E7104}.Debug User|x86.Deploy.0 = Debug|x86
		{5A3ACA03-BFF5-4B40-BF9B-050B978E7104}.Debug|Any CPU.ActiveCfg = Debug|x86
		{5A3ACA03-BFF5-4B40-BF9B-050B978E7104}.Debug|ARM.ActiveCfg = Debug|ARM
		{5A3ACA03-BFF5-4B40-BF9B-050B978E7104}.Debug|ARM.Build.0 = Debug|ARM
		{5A3ACA03-BFF5-4B40-BF9B-050B978E7104}.Debug|ARM.Deploy.0 = Debug|ARM
		{5A3ACA03-BFF5-4B40-BF9B-050B978E7104}.Debug|iPhone.ActiveCfg = Debug|x86
		{5A3ACA03-BFF5-4B40-BF9B-050B978E7104}.Debug|iPhoneSimulator.ActiveCfg = Debug|x86
		{5A3ACA03-BFF5-4B40-BF9B-050B978E7104}.Debug|x64.ActiveCfg = Debug|x64
		{5A3ACA03-BFF5-4B40-BF9B-050B978E7104}.Debug|x64.Build.0 = Debug|x64
		{5A3ACA03-BFF5-4B40-BF9B-050B978E7104}.Debug|x64.Deploy.0 = Debug|x64
		{5A3ACA03-BFF5-4B40-BF9B-050B978E7104}.Debug|x86.ActiveCfg = Debug|x86
		{5A3ACA03-BFF5-4B40-BF9B-050B978E7104}.Debug|x86.Build.0 = Debug|x86
		{5A3ACA03-BFF5-4B40-BF9B-050B978E7104}.Debug|x86.Deploy.0 = Debug|x86
		{5A3ACA03-BFF5-4B40-BF9B-050B978E7104}.Release|Any CPU.ActiveCfg = Release|x86
		{5A3ACA03-BFF5-4B40-BF9B-050B978E7104}.Release|ARM.ActiveCfg = Release|ARM
		{5A3ACA03-BFF5-4B40-BF9B-050B978E7104}.Release|ARM.Build.0 = Release|ARM
		{5A3ACA03-BFF5-4B40-BF9B-050B978E7104}.Release|ARM.Deploy.0 = Release|ARM
		{5A3ACA03-BFF5-4B40-BF9B-050B978E7104}.Release|iPhone.ActiveCfg = Release|x86
		{5A3ACA03-BFF5-4B40-BF9B-050B978E7104}.Release|iPhoneSimulator.ActiveCfg = Release|x86
		{5A3ACA03-BFF5-4B40-BF9B-050B978E7104}.Release|x64.ActiveCfg = Release|x64
		{5A3ACA03-BFF5-4B40-BF9B-050B978E7104}.Release|x64.Build.0 = Release|x64
		{5A3ACA03-BFF5-4B40-BF9B-050B978E7104}.Release|x64.Deploy.0 = Release|x64
		{5A3ACA03-BFF5-4B40-BF9B-050B978E7104}.Release|x86.ActiveCfg = Release|x86
		{5A3ACA03-BFF5-4B40-BF9B-050B978E7104}.Release|x86.Build.0 = Release|x86
		{5A3ACA03-BFF5-4B40-BF9B-050B978E7104}.Release|x86.Deploy.0 = Release|x86
	EndGlobalSection
	GlobalSection(SolutionProperties) = preSolution
		HideSolutionNode = FALSE
	EndGlobalSection
EndGlobal
